
Microsoft Visual Studio Solution File, Format Version 12.00
# Visual Studio 15
VisualStudioVersion = 15.0.28307.572
MinimumVisualStudioVersion = 10.0.40219.1
Project("{FAE04EC0-301F-11D3-BF4B-00C04F79EFBC}") = "Linked List", "Linked List\Linked List.csproj", "{A285EC31-7C67-4679-9F0E-2C8C5AB48928}"
EndProject
Global
	GlobalSection(SolutionConfigurationPlatforms) = preSolution
		Debug|Any CPU = Debug|Any CPU
		Release|Any CPU = Release|Any CPU
	EndGlobalSection
	GlobalSection(ProjectConfigurationPlatforms) = postSolution
		{A285EC31-7C67-4679-9F0E-2C8C5AB48928}.Debug|Any CPU.ActiveCfg = Debug|Any CPU
		{A285EC31-7C67-4679-9F0E-2C8C5AB48928}.Debug|Any CPU.Build.0 = Debug|Any CPU
		{A285EC31-7C67-4679-9F0E-2C8C5AB48928}.Release|Any CPU.ActiveCfg = Release|Any CPU
		{A285EC31-7C67-4679-9F0E-2C8C5AB48928}.Release|Any CPU.Build.0 = Release|Any CPU
	EndGlobalSection
	GlobalSection(SolutionProperties) = preSolution
		HideSolutionNode = FALSE
	EndGlobalSection
	GlobalSection(ExtensibilityGlobals) = postSolution
		SolutionGuid = {479FE3AF-3983-4E75-A74A-AAB1FC9AEDA5}
	EndGlobalSection
EndGlobal
